
Microsoft Visual Studio Solution File, Format Version 12.00
# Visual Studio Version 17
VisualStudioVersion = 17.7.34024.191
MinimumVisualStudioVersion = 10.0.40219.1
Project("{FAE04EC0-301F-11D3-BF4B-00C04F79EFBC}") = "Button-Renk-Degistir", "Button-Renk-Degistir\Button-Renk-Degistir.csproj", "{919214CD-AD1F-4312-9948-4108840384C9}"
EndProject
Global
	GlobalSection(SolutionConfigurationPlatforms) = preSolution
		Debug|Any CPU = Debug|Any CPU
		Release|Any CPU = Release|Any CPU
	EndGlobalSection
	GlobalSection(ProjectConfigurationPlatforms) = postSolution
		{919214CD-AD1F-4312-9948-4108840384C9}.Debug|Any CPU.ActiveCfg = Debug|Any CPU
		{919214CD-AD1F-4312-9948-4108840384C9}.Debug|Any CPU.Build.0 = Debug|Any CPU
		{919214CD-AD1F-4312-9948-4108840384C9}.Release|Any CPU.ActiveCfg = Release|Any CPU
		{919214CD-AD1F-4312-9948-4108840384C9}.Release|Any CPU.Build.0 = Release|Any CPU
	EndGlobalSection
	GlobalSection(SolutionProperties) = preSolution
		HideSolutionNode = FALSE
	EndGlobalSection
	GlobalSection(ExtensibilityGlobals) = postSolution
		SolutionGuid = {83562523-7397-4ECD-B00E-0AB8EB939C99}
	EndGlobalSection
EndGlobal
